
Microsoft Visual Studio Solution File, Format Version 12.00
# Visual Studio Version 17
VisualStudioVersion = 17.7.34031.279
MinimumVisualStudioVersion = 10.0.40219.1
Project("{8BC9CEB8-8B4A-11D0-8D11-00A0C91BC942}") = "Practice_Code", "Practice_Code\Practice_Code.vcxproj", "{10DBFC1D-F59A-40CF-BEC3-1A140C213303}"
EndProject
Global
	GlobalSection(SolutionConfigurationPlatforms) = preSolution
		Debug|x64 = Debug|x64
		Debug|x86 = Debug|x86
		Release|x64 = Release|x64
		Release|x86 = Release|x86
	EndGlobalSection
	GlobalSection(ProjectConfigurationPlatforms) = postSolution
		{10DBFC1D-F59A-40CF-BEC3-1A140C213303}.Debug|x64.ActiveCfg = Debug|x64
		{10DBFC1D-F59A-40CF-BEC3-1A140C213303}.Debug|x64.Build.0 = Debug|x64
		{10DBFC1D-F59A-40CF-BEC3-1A140C213303}.Debug|x86.ActiveCfg = Debug|Win32
		{10DBFC1D-F59A-40CF-BEC3-1A140C213303}.Debug|x86.Build.0 = Debug|Win32
		{10DBFC1D-F59A-40CF-BEC3-1A140C213303}.Release|x64.ActiveCfg = Release|x64
		{10DBFC1D-F59A-40CF-BEC3-1A140C213303}.Release|x64.Build.0 = Release|x64
		{10DBFC1D-F59A-40CF-BEC3-1A140C213303}.Release|x86.ActiveCfg = Release|Win32
		{10DBFC1D-F59A-40CF-BEC3-1A140C213303}.Release|x86.Build.0 = Release|Win32
	EndGlobalSection
	GlobalSection(SolutionProperties) = preSolution
		HideSolutionNode = FALSE
	EndGlobalSection
	GlobalSection(ExtensibilityGlobals) = postSolution
		SolutionGuid = {AAC676CF-10BB-43A9-9563-F7D37A4C4C5D}
	EndGlobalSection
EndGlobal
